
Microsoft Visual Studio Solution File, Format Version 12.00
# Visual Studio 2013
VisualStudioVersion = 12.0.31101.0
MinimumVisualStudioVersion = 10.0.40219.1
Project("{FAE04EC0-301F-11D3-BF4B-00C04F79EFBC}") = "FlauLib", "FlauLib\FlauLib.csproj", "{7AFC35F1-E8E3-4399-A76E-6F99287E4562}"
EndProject
Project("{2150E333-8FDC-42A3-9474-1A3956D46DE8}") = "Solution Items", "Solution Items", "{FEF563B7-E75D-47CF-8A6D-5FDA6DD91D06}"
	ProjectSection(SolutionItems) = preProject
		..\README.md = ..\README.md
	EndProjectSection
EndProject
Global
	GlobalSection(SolutionConfigurationPlatforms) = preSolution
		Debug|Any CPU = Debug|Any CPU
		Release|Any CPU = Release|Any CPU
	EndGlobalSection
	GlobalSection(ProjectConfigurationPlatforms) = postSolution
		{7AFC35F1-E8E3-4399-A76E-6F99287E4562}.Debug|Any CPU.ActiveCfg = Debug|Any CPU
		{7AFC35F1-E8E3-4399-A76E-6F99287E4562}.Debug|Any CPU.Build.0 = Debug|Any CPU
		{7AFC35F1-E8E3-4399-A76E-6F99287E4562}.Release|Any CPU.ActiveCfg = Release|Any CPU
		{7AFC35F1-E8E3-4399-A76E-6F99287E4562}.Release|Any CPU.Build.0 = Release|Any CPU
	EndGlobalSection
	GlobalSection(SolutionProperties) = preSolution
		HideSolutionNode = FALSE
	EndGlobalSection
EndGlobal
